
Microsoft Visual Studio Solution File, Format Version 12.00
# Visual Studio Version 17
VisualStudioVersion = 17.9.34902.65
MinimumVisualStudioVersion = 10.0.40219.1
Project("{FAE04EC0-301F-11D3-BF4B-00C04F79EFBC}") = "PlanetsGenerator", "PlanetsGenerator\PlanetsGenerator.csproj", "{45395CFC-69F8-46A3-B940-05644EF035DD}"
EndProject
Global
	GlobalSection(SolutionConfigurationPlatforms) = preSolution
		Debug|Any CPU = Debug|Any CPU
		Release|Any CPU = Release|Any CPU
	EndGlobalSection
	GlobalSection(ProjectConfigurationPlatforms) = postSolution
		{45395CFC-69F8-46A3-B940-05644EF035DD}.Debug|Any CPU.ActiveCfg = Debug|Any CPU
		{45395CFC-69F8-46A3-B940-05644EF035DD}.Debug|Any CPU.Build.0 = Debug|Any CPU
		{45395CFC-69F8-46A3-B940-05644EF035DD}.Release|Any CPU.ActiveCfg = Release|Any CPU
		{45395CFC-69F8-46A3-B940-05644EF035DD}.Release|Any CPU.Build.0 = Release|Any CPU
	EndGlobalSection
	GlobalSection(SolutionProperties) = preSolution
		HideSolutionNode = FALSE
	EndGlobalSection
	GlobalSection(ExtensibilityGlobals) = postSolution
		SolutionGuid = {84CCF8BF-2B48-4D24-A3FD-68F09459C47B}
	EndGlobalSection
EndGlobal
